github.com/jack-hk/PaperJack v0.0.0-20250323011416-bf4635961394 h1:damb6+MPO/nOabMdJYlbUmMoKWAfGqQ0NEwDhUqzgVA=
github.com/jack-hk/PaperJack v0.0.0-20250323011416-bf4635961394/go.mod h1:OhQh7UT5HW8tui/G7wtZX2sWS+yNIogl0y8xxKLmejs=
github.com/jack-hk/PaperJack v0.0.0-20250323013725-2ffa92653cc1 h1:wuoDjwnaxGm+d3a9NzLEBc7Rdb8N1expzPtmU9pQVRA=
github.com/jack-hk/PaperJack v0.0.0-20250323013725-2ffa92653cc1/go.mod h1:OhQh7UT5HW8tui/G7wtZX2sWS+yNIogl0y8xxKLmejs=
